{
  "requires": true,
  "lockfileVersion": 1,
  "dependencies": {
    "marked": {
      "version": "1.2.3",
      "resolved": "https://registry.npmjs.org/marked/-/marked-1.2.3.tgz",
      "integrity": "sha512-RQuL2i6I6Gn+9n81IDNGbL0VHnta4a+8ZhqvryXEniTb/hQNtf3i26hi1XWUhzb9BgVyWHKR3UO8MaHtKoYibw=="
    },
    "trumbowyg": {
      "version": "2.21.0",
      "resolved": "https://registry.npmjs.org/trumbowyg/-/trumbowyg-2.21.0.tgz",
      "integrity": "sha512-TUatXrv2PgaYjgIZdh4G0UgZsFd9cmkw4ZGrQBWrXNDtf2cn+1TEgLGd/jVj0MWGxEYfbrZXmURf9UQlEMLGFg=="
    }
  }
}
